Microsoft Visual Studio Solution File, Format Version 12.00
# Visual Studio Version 17
VisualStudioVersion = 17.5.2.0
MinimumVisualStudioVersion = 10.0.40219.1
Project("{FAE04EC0-301F-11D3-BF4B-00C04F79EFBC}") = "LisaAlunos", "LisaAlunos.csproj", "{13F04865-AAB4-41AD-C2F8-B4F2FA7108FA}"
EndProject
Global
	GlobalSection(SolutionConfigurationPlatforms) = preSolution
		Debug|Any CPU = Debug|Any CPU
		Release|Any CPU = Release|Any CPU
	EndGlobalSection
	GlobalSection(ProjectConfigurationPlatforms) = postSolution
		{13F04865-AAB4-41AD-C2F8-B4F2FA7108FA}.Debug|Any CPU.ActiveCfg = Debug|Any CPU
		{13F04865-AAB4-41AD-C2F8-B4F2FA7108FA}.Debug|Any CPU.Build.0 = Debug|Any CPU
		{13F04865-AAB4-41AD-C2F8-B4F2FA7108FA}.Release|Any CPU.ActiveCfg = Release|Any CPU
		{13F04865-AAB4-41AD-C2F8-B4F2FA7108FA}.Release|Any CPU.Build.0 = Release|Any CPU
	EndGlobalSection
	GlobalSection(SolutionProperties) = preSolution
		HideSolutionNode = FALSE
	EndGlobalSection
	GlobalSection(ExtensibilityGlobals) = postSolution
		SolutionGuid = {C14657B9-EACA-46EC-9A73-15C04A3EFDB6}
	EndGlobalSection
EndGlobal
