Microsoft Visual Studio Solution File, Format Version 12.00
# Visual Studio Version 17
VisualStudioVersion = 17.5.2.0
MinimumVisualStudioVersion = 10.0.40219.1
Project("{FAE04EC0-301F-11D3-BF4B-00C04F79EFBC}") = "calcRaioePerimitroCirculo", "calcRaioePerimitroCirculo.csproj", "{1B6DEC68-848F-2102-DC2B-A8DE9D4A176D}"
EndProject
Global
	GlobalSection(SolutionConfigurationPlatforms) = preSolution
		Debug|Any CPU = Debug|Any CPU
		Release|Any CPU = Release|Any CPU
	EndGlobalSection
	GlobalSection(ProjectConfigurationPlatforms) = postSolution
		{1B6DEC68-848F-2102-DC2B-A8DE9D4A176D}.Debug|Any CPU.ActiveCfg = Debug|Any CPU
		{1B6DEC68-848F-2102-DC2B-A8DE9D4A176D}.Debug|Any CPU.Build.0 = Debug|Any CPU
		{1B6DEC68-848F-2102-DC2B-A8DE9D4A176D}.Release|Any CPU.ActiveCfg = Release|Any CPU
		{1B6DEC68-848F-2102-DC2B-A8DE9D4A176D}.Release|Any CPU.Build.0 = Release|Any CPU
	EndGlobalSection
	GlobalSection(SolutionProperties) = preSolution
		HideSolutionNode = FALSE
	EndGlobalSection
	GlobalSection(ExtensibilityGlobals) = postSolution
		SolutionGuid = {65A06EC9-62B2-4D5C-A91B-0E8C3A111498}
	EndGlobalSection
EndGlobal
