Microsoft Visual Studio Solution File, Format Version 12.00
# Visual Studio Version 17
VisualStudioVersion = 17.5.2.0
MinimumVisualStudioVersion = 10.0.40219.1
Project("{FAE04EC0-301F-11D3-BF4B-00C04F79EFBC}") = "quantas-hora-tem-nos-minutos", "quantas-hora-tem-nos-minutos.csproj", "{13DCCFE8-00BD-2949-944F-00F31D54939F}"
EndProject
Global
	GlobalSection(SolutionConfigurationPlatforms) = preSolution
		Debug|Any CPU = Debug|Any CPU
		Release|Any CPU = Release|Any CPU
	EndGlobalSection
	GlobalSection(ProjectConfigurationPlatforms) = postSolution
		{13DCCFE8-00BD-2949-944F-00F31D54939F}.Debug|Any CPU.ActiveCfg = Debug|Any CPU
		{13DCCFE8-00BD-2949-944F-00F31D54939F}.Debug|Any CPU.Build.0 = Debug|Any CPU
		{13DCCFE8-00BD-2949-944F-00F31D54939F}.Release|Any CPU.ActiveCfg = Release|Any CPU
		{13DCCFE8-00BD-2949-944F-00F31D54939F}.Release|Any CPU.Build.0 = Release|Any CPU
	EndGlobalSection
	GlobalSection(SolutionProperties) = preSolution
		HideSolutionNode = FALSE
	EndGlobalSection
	GlobalSection(ExtensibilityGlobals) = postSolution
		SolutionGuid = {DAA00CA7-81DD-46D2-8164-6C2FACDC83C6}
	EndGlobalSection
EndGlobal
