Microsoft Visual Studio Solution File, Format Version 12.00
# Visual Studio Version 17
VisualStudioVersion = 17.5.2.0
MinimumVisualStudioVersion = 10.0.40219.1
Project("{FAE04EC0-301F-11D3-BF4B-00C04F79EFBC}") = "notaFinal", "notaFinal.csproj", "{F72C4A76-92C8-3C59-A120-6BF3BDBC8E5A}"
EndProject
Global
	GlobalSection(SolutionConfigurationPlatforms) = preSolution
		Debug|Any CPU = Debug|Any CPU
		Release|Any CPU = Release|Any CPU
	EndGlobalSection
	GlobalSection(ProjectConfigurationPlatforms) = postSolution
		{F72C4A76-92C8-3C59-A120-6BF3BDBC8E5A}.Debug|Any CPU.ActiveCfg = Debug|Any CPU
		{F72C4A76-92C8-3C59-A120-6BF3BDBC8E5A}.Debug|Any CPU.Build.0 = Debug|Any CPU
		{F72C4A76-92C8-3C59-A120-6BF3BDBC8E5A}.Release|Any CPU.ActiveCfg = Release|Any CPU
		{F72C4A76-92C8-3C59-A120-6BF3BDBC8E5A}.Release|Any CPU.Build.0 = Release|Any CPU
	EndGlobalSection
	GlobalSection(SolutionProperties) = preSolution
		HideSolutionNode = FALSE
	EndGlobalSection
	GlobalSection(ExtensibilityGlobals) = postSolution
		SolutionGuid = {0F3081F9-E750-4B38-9A50-A46F9F503321}
	EndGlobalSection
EndGlobal
