Microsoft Visual Studio Solution File, Format Version 12.00
# Visual Studio Version 17
VisualStudioVersion = 17.5.2.0
MinimumVisualStudioVersion = 10.0.40219.1
Project("{FAE04EC0-301F-11D3-BF4B-00C04F79EFBC}") = "InverterList", "InverterList.csproj", "{1F671077-D0D6-779B-4269-D6D20E3D8BD0}"
EndProject
Global
	GlobalSection(SolutionConfigurationPlatforms) = preSolution
		Debug|Any CPU = Debug|Any CPU
		Release|Any CPU = Release|Any CPU
	EndGlobalSection
	GlobalSection(ProjectConfigurationPlatforms) = postSolution
		{1F671077-D0D6-779B-4269-D6D20E3D8BD0}.Debug|Any CPU.ActiveCfg = Debug|Any CPU
		{1F671077-D0D6-779B-4269-D6D20E3D8BD0}.Debug|Any CPU.Build.0 = Debug|Any CPU
		{1F671077-D0D6-779B-4269-D6D20E3D8BD0}.Release|Any CPU.ActiveCfg = Release|Any CPU
		{1F671077-D0D6-779B-4269-D6D20E3D8BD0}.Release|Any CPU.Build.0 = Release|Any CPU
	EndGlobalSection
	GlobalSection(SolutionProperties) = preSolution
		HideSolutionNode = FALSE
	EndGlobalSection
	GlobalSection(ExtensibilityGlobals) = postSolution
		SolutionGuid = {D788A805-AAF7-43BF-BA32-F357C3085F90}
	EndGlobalSection
EndGlobal
