Microsoft Visual Studio Solution File, Format Version 12.00
# Visual Studio Version 17
VisualStudioVersion = 17.5.2.0
MinimumVisualStudioVersion = 10.0.40219.1
Project("{FAE04EC0-301F-11D3-BF4B-00C04F79EFBC}") = "catalogaItens", "catalogaItens.csproj", "{09B14E84-4AEC-E321-2C92-80BBB4744641}"
EndProject
Global
	GlobalSection(SolutionConfigurationPlatforms) = preSolution
		Debug|Any CPU = Debug|Any CPU
		Release|Any CPU = Release|Any CPU
	EndGlobalSection
	GlobalSection(ProjectConfigurationPlatforms) = postSolution
		{09B14E84-4AEC-E321-2C92-80BBB4744641}.Debug|Any CPU.ActiveCfg = Debug|Any CPU
		{09B14E84-4AEC-E321-2C92-80BBB4744641}.Debug|Any CPU.Build.0 = Debug|Any CPU
		{09B14E84-4AEC-E321-2C92-80BBB4744641}.Release|Any CPU.ActiveCfg = Release|Any CPU
		{09B14E84-4AEC-E321-2C92-80BBB4744641}.Release|Any CPU.Build.0 = Release|Any CPU
	EndGlobalSection
	GlobalSection(SolutionProperties) = preSolution
		HideSolutionNode = FALSE
	EndGlobalSection
	GlobalSection(ExtensibilityGlobals) = postSolution
		SolutionGuid = {0A62D77E-4702-4DE8-A44E-6AFA93CF3D61}
	EndGlobalSection
EndGlobal
