Microsoft Visual Studio Solution File, Format Version 12.00
# Visual Studio Version 17
VisualStudioVersion = 17.5.2.0
MinimumVisualStudioVersion = 10.0.40219.1
Project("{FAE04EC0-301F-11D3-BF4B-00C04F79EFBC}") = "OrganizaString", "OrganizaString.csproj", "{598017E5-F1F2-0DAC-7518-0136F0D1A361}"
EndProject
Global
	GlobalSection(SolutionConfigurationPlatforms) = preSolution
		Debug|Any CPU = Debug|Any CPU
		Release|Any CPU = Release|Any CPU
	EndGlobalSection
	GlobalSection(ProjectConfigurationPlatforms) = postSolution
		{598017E5-F1F2-0DAC-7518-0136F0D1A361}.Debug|Any CPU.ActiveCfg = Debug|Any CPU
		{598017E5-F1F2-0DAC-7518-0136F0D1A361}.Debug|Any CPU.Build.0 = Debug|Any CPU
		{598017E5-F1F2-0DAC-7518-0136F0D1A361}.Release|Any CPU.ActiveCfg = Release|Any CPU
		{598017E5-F1F2-0DAC-7518-0136F0D1A361}.Release|Any CPU.Build.0 = Release|Any CPU
	EndGlobalSection
	GlobalSection(SolutionProperties) = preSolution
		HideSolutionNode = FALSE
	EndGlobalSection
	GlobalSection(ExtensibilityGlobals) = postSolution
		SolutionGuid = {97E08034-33D9-4EFD-87AD-DD750C5B2A16}
	EndGlobalSection
EndGlobal
