Microsoft Visual Studio Solution File, Format Version 12.00
# Visual Studio Version 17
VisualStudioVersion = 17.5.2.0
MinimumVisualStudioVersion = 10.0.40219.1
Project("{FAE04EC0-301F-11D3-BF4B-00C04F79EFBC}") = "variaveis-converssoes-tipos", "variaveis-converssoes-tipos.csproj", "{5685DD09-FC2A-8597-F3F1-6261D99CE409}"
EndProject
Global
	GlobalSection(SolutionConfigurationPlatforms) = preSolution
		Debug|Any CPU = Debug|Any CPU
		Release|Any CPU = Release|Any CPU
	EndGlobalSection
	GlobalSection(ProjectConfigurationPlatforms) = postSolution
		{5685DD09-FC2A-8597-F3F1-6261D99CE409}.Debug|Any CPU.ActiveCfg = Debug|Any CPU
		{5685DD09-FC2A-8597-F3F1-6261D99CE409}.Debug|Any CPU.Build.0 = Debug|Any CPU
		{5685DD09-FC2A-8597-F3F1-6261D99CE409}.Release|Any CPU.ActiveCfg = Release|Any CPU
		{5685DD09-FC2A-8597-F3F1-6261D99CE409}.Release|Any CPU.Build.0 = Release|Any CPU
	EndGlobalSection
	GlobalSection(SolutionProperties) = preSolution
		HideSolutionNode = FALSE
	EndGlobalSection
	GlobalSection(ExtensibilityGlobals) = postSolution
		SolutionGuid = {08577DE5-22BC-4BA6-B8C1-08C9C9E1D938}
	EndGlobalSection
EndGlobal
