Microsoft Visual Studio Solution File, Format Version 12.00
# Visual Studio Version 17
VisualStudioVersion = 17.5.2.0
MinimumVisualStudioVersion = 10.0.40219.1
Project("{FAE04EC0-301F-11D3-BF4B-00C04F79EFBC}") = "ValidarSringNumero", "ValidarSringNumero.csproj", "{302F9FF7-68D9-C202-245F-AF946F9A9D94}"
EndProject
Global
	GlobalSection(SolutionConfigurationPlatforms) = preSolution
		Debug|Any CPU = Debug|Any CPU
		Release|Any CPU = Release|Any CPU
	EndGlobalSection
	GlobalSection(ProjectConfigurationPlatforms) = postSolution
		{302F9FF7-68D9-C202-245F-AF946F9A9D94}.Debug|Any CPU.ActiveCfg = Debug|Any CPU
		{302F9FF7-68D9-C202-245F-AF946F9A9D94}.Debug|Any CPU.Build.0 = Debug|Any CPU
		{302F9FF7-68D9-C202-245F-AF946F9A9D94}.Release|Any CPU.ActiveCfg = Release|Any CPU
		{302F9FF7-68D9-C202-245F-AF946F9A9D94}.Release|Any CPU.Build.0 = Release|Any CPU
	EndGlobalSection
	GlobalSection(SolutionProperties) = preSolution
		HideSolutionNode = FALSE
	EndGlobalSection
	GlobalSection(ExtensibilityGlobals) = postSolution
		SolutionGuid = {E53FF9A6-CEA5-4A81-AEC1-84C81185200D}
	EndGlobalSection
EndGlobal
