Microsoft Visual Studio Solution File, Format Version 12.00
# Visual Studio Version 17
VisualStudioVersion = 17.5.2.0
MinimumVisualStudioVersion = 10.0.40219.1
Project("{FAE04EC0-301F-11D3-BF4B-00C04F79EFBC}") = "AlertUpCase", "AlertUpCase.csproj", "{FF009165-7548-3748-105C-00A5DB2EAD7C}"
EndProject
Global
	GlobalSection(SolutionConfigurationPlatforms) = preSolution
		Debug|Any CPU = Debug|Any CPU
		Release|Any CPU = Release|Any CPU
	EndGlobalSection
	GlobalSection(ProjectConfigurationPlatforms) = postSolution
		{FF009165-7548-3748-105C-00A5DB2EAD7C}.Debug|Any CPU.ActiveCfg = Debug|Any CPU
		{FF009165-7548-3748-105C-00A5DB2EAD7C}.Debug|Any CPU.Build.0 = Debug|Any CPU
		{FF009165-7548-3748-105C-00A5DB2EAD7C}.Release|Any CPU.ActiveCfg = Release|Any CPU
		{FF009165-7548-3748-105C-00A5DB2EAD7C}.Release|Any CPU.Build.0 = Release|Any CPU
	EndGlobalSection
	GlobalSection(SolutionProperties) = preSolution
		HideSolutionNode = FALSE
	EndGlobalSection
	GlobalSection(ExtensibilityGlobals) = postSolution
		SolutionGuid = {5FDCF929-D019-4183-AE7D-A81B5C09B449}
	EndGlobalSection
EndGlobal
