Microsoft Visual Studio Solution File, Format Version 12.00
# Visual Studio Version 17
VisualStudioVersion = 17.5.2.0
MinimumVisualStudioVersion = 10.0.40219.1
Project("{FAE04EC0-301F-11D3-BF4B-00C04F79EFBC}") = "GeraSenha", "GeraSenha.csproj", "{F8D9E809-3E2E-C257-9A58-F5CA53E0A8BC}"
EndProject
Global
	GlobalSection(SolutionConfigurationPlatforms) = preSolution
		Debug|Any CPU = Debug|Any CPU
		Release|Any CPU = Release|Any CPU
	EndGlobalSection
	GlobalSection(ProjectConfigurationPlatforms) = postSolution
		{F8D9E809-3E2E-C257-9A58-F5CA53E0A8BC}.Debug|Any CPU.ActiveCfg = Debug|Any CPU
		{F8D9E809-3E2E-C257-9A58-F5CA53E0A8BC}.Debug|Any CPU.Build.0 = Debug|Any CPU
		{F8D9E809-3E2E-C257-9A58-F5CA53E0A8BC}.Release|Any CPU.ActiveCfg = Release|Any CPU
		{F8D9E809-3E2E-C257-9A58-F5CA53E0A8BC}.Release|Any CPU.Build.0 = Release|Any CPU
	EndGlobalSection
	GlobalSection(SolutionProperties) = preSolution
		HideSolutionNode = FALSE
	EndGlobalSection
	GlobalSection(ExtensibilityGlobals) = postSolution
		SolutionGuid = {0A18B524-EB1F-45CB-BE99-1B66405E1778}
	EndGlobalSection
EndGlobal
