Microsoft Visual Studio Solution File, Format Version 12.00
# Visual Studio Version 17
VisualStudioVersion = 17.5.2.0
MinimumVisualStudioVersion = 10.0.40219.1
Project("{FAE04EC0-301F-11D3-BF4B-00C04F79EFBC}") = "calcula-idade", "calcula-idade.csproj", "{0042465F-5417-A864-6758-A0DC296624BF}"
EndProject
Global
	GlobalSection(SolutionConfigurationPlatforms) = preSolution
		Debug|Any CPU = Debug|Any CPU
		Release|Any CPU = Release|Any CPU
	EndGlobalSection
	GlobalSection(ProjectConfigurationPlatforms) = postSolution
		{0042465F-5417-A864-6758-A0DC296624BF}.Debug|Any CPU.ActiveCfg = Debug|Any CPU
		{0042465F-5417-A864-6758-A0DC296624BF}.Debug|Any CPU.Build.0 = Debug|Any CPU
		{0042465F-5417-A864-6758-A0DC296624BF}.Release|Any CPU.ActiveCfg = Release|Any CPU
		{0042465F-5417-A864-6758-A0DC296624BF}.Release|Any CPU.Build.0 = Release|Any CPU
	EndGlobalSection
	GlobalSection(SolutionProperties) = preSolution
		HideSolutionNode = FALSE
	EndGlobalSection
	GlobalSection(ExtensibilityGlobals) = postSolution
		SolutionGuid = {BEEF4B17-DE3E-41E3-ABFD-2194D8E695D8}
	EndGlobalSection
EndGlobal
