Microsoft Visual Studio Solution File, Format Version 12.00
# Visual Studio Version 17
VisualStudioVersion = 17.5.2.0
MinimumVisualStudioVersion = 10.0.40219.1
Project("{FAE04EC0-301F-11D3-BF4B-00C04F79EFBC}") = "ControleVelocidade", "ControleVelocidade.csproj", "{A409B825-D49A-A399-255D-EF705A87ABA3}"
EndProject
Global
	GlobalSection(SolutionConfigurationPlatforms) = preSolution
		Debug|Any CPU = Debug|Any CPU
		Release|Any CPU = Release|Any CPU
	EndGlobalSection
	GlobalSection(ProjectConfigurationPlatforms) = postSolution
		{A409B825-D49A-A399-255D-EF705A87ABA3}.Debug|Any CPU.ActiveCfg = Debug|Any CPU
		{A409B825-D49A-A399-255D-EF705A87ABA3}.Debug|Any CPU.Build.0 = Debug|Any CPU
		{A409B825-D49A-A399-255D-EF705A87ABA3}.Release|Any CPU.ActiveCfg = Release|Any CPU
		{A409B825-D49A-A399-255D-EF705A87ABA3}.Release|Any CPU.Build.0 = Release|Any CPU
	EndGlobalSection
	GlobalSection(SolutionProperties) = preSolution
		HideSolutionNode = FALSE
	EndGlobalSection
	GlobalSection(ExtensibilityGlobals) = postSolution
		SolutionGuid = {1863D3C4-DF07-4A8F-9DAF-A56ADEC3B84B}
	EndGlobalSection
EndGlobal
